
Microsoft Visual Studio Solution File, Format Version 12.00
# Visual Studio 15
VisualStudioVersion = 15.0.26124.0
MinimumVisualStudioVersion = 15.0.26124.0
Project("{2150E333-8FDC-42A3-9474-1A3956D46DE8}") = "src", "src", "{971BA63D-1A40-4B34-97D4-4E807BE1284E}"
EndProject
Project("{FAE04EC0-301F-11D3-BF4B-00C04F79EFBC}") = "LuceneSearch", "src\LuceneSearch\LuceneSearch.csproj", "{D190C4AE-FD98-4FA0-8FCA-7DFF6310D8EF}"
EndProject
Project("{FAE04EC0-301F-11D3-BF4B-00C04F79EFBC}") = "LuceneSearch.NetCore", "src\LuceneSearch.NetCore\LuceneSearch.NetCore.csproj", "{6A25AEDF-AB19-4EC2-B24D-F6527D33AC52}"
EndProject
Project("{FAE04EC0-301F-11D3-BF4B-00C04F79EFBC}") = "LuceneSearch.Owin", "src\LuceneSearch.Owin\LuceneSearch.Owin.csproj", "{6765A8DE-4023-4953-97C0-237A2C096CC1}"
EndProject
Project("{2150E333-8FDC-42A3-9474-1A3956D46DE8}") = "test", "test", "{81E51376-1B99-4F5C-B54B-1D45D74BFC3A}"
EndProject
Project("{FAE04EC0-301F-11D3-BF4B-00C04F79EFBC}") = "LuceneSearch.Tests", "test\LuceneSearch.Tests\LuceneSearch.Tests.csproj", "{D2A48568-26FB-4520-A5E1-05E2FC33EC3F}"
EndProject
Project("{FAE04EC0-301F-11D3-BF4B-00C04F79EFBC}") = "TestServer", "test\TestServer\TestServer.csproj", "{F12B3EEB-FADA-49CE-8F8E-75B957B0E1B5}"
EndProject
Global
	GlobalSection(SolutionConfigurationPlatforms) = preSolution
		Debug|Any CPU = Debug|Any CPU
		Debug|x64 = Debug|x64
		Debug|x86 = Debug|x86
		Release|Any CPU = Release|Any CPU
		Release|x64 = Release|x64
		Release|x86 = Release|x86
	EndGlobalSection
	GlobalSection(SolutionProperties) = preSolution
		HideSolutionNode = FALSE
	EndGlobalSection
	GlobalSection(ProjectConfigurationPlatforms) = postSolution
		{D190C4AE-FD98-4FA0-8FCA-7DFF6310D8EF}.Debug|Any CPU.ActiveCfg = Debug|Any CPU
		{D190C4AE-FD98-4FA0-8FCA-7DFF6310D8EF}.Debug|Any CPU.Build.0 = Debug|Any CPU
		{D190C4AE-FD98-4FA0-8FCA-7DFF6310D8EF}.Debug|x64.ActiveCfg = Debug|x64
		{D190C4AE-FD98-4FA0-8FCA-7DFF6310D8EF}.Debug|x64.Build.0 = Debug|x64
		{D190C4AE-FD98-4FA0-8FCA-7DFF6310D8EF}.Debug|x86.ActiveCfg = Debug|x86
		{D190C4AE-FD98-4FA0-8FCA-7DFF6310D8EF}.Debug|x86.Build.0 = Debug|x86
		{D190C4AE-FD98-4FA0-8FCA-7DFF6310D8EF}.Release|Any CPU.ActiveCfg = Release|Any CPU
		{D190C4AE-FD98-4FA0-8FCA-7DFF6310D8EF}.Release|Any CPU.Build.0 = Release|Any CPU
		{D190C4AE-FD98-4FA0-8FCA-7DFF6310D8EF}.Release|x64.ActiveCfg = Release|x64
		{D190C4AE-FD98-4FA0-8FCA-7DFF6310D8EF}.Release|x64.Build.0 = Release|x64
		{D190C4AE-FD98-4FA0-8FCA-7DFF6310D8EF}.Release|x86.ActiveCfg = Release|x86
		{D190C4AE-FD98-4FA0-8FCA-7DFF6310D8EF}.Release|x86.Build.0 = Release|x86
		{6A25AEDF-AB19-4EC2-B24D-F6527D33AC52}.Debug|Any CPU.ActiveCfg = Debug|Any CPU
		{6A25AEDF-AB19-4EC2-B24D-F6527D33AC52}.Debug|Any CPU.Build.0 = Debug|Any CPU
		{6A25AEDF-AB19-4EC2-B24D-F6527D33AC52}.Debug|x64.ActiveCfg = Debug|x64
		{6A25AEDF-AB19-4EC2-B24D-F6527D33AC52}.Debug|x64.Build.0 = Debug|x64
		{6A25AEDF-AB19-4EC2-B24D-F6527D33AC52}.Debug|x86.ActiveCfg = Debug|x86
		{6A25AEDF-AB19-4EC2-B24D-F6527D33AC52}.Debug|x86.Build.0 = Debug|x86
		{6A25AEDF-AB19-4EC2-B24D-F6527D33AC52}.Release|Any CPU.ActiveCfg = Release|Any CPU
		{6A25AEDF-AB19-4EC2-B24D-F6527D33AC52}.Release|Any CPU.Build.0 = Release|Any CPU
		{6A25AEDF-AB19-4EC2-B24D-F6527D33AC52}.Release|x64.ActiveCfg = Release|x64
		{6A25AEDF-AB19-4EC2-B24D-F6527D33AC52}.Release|x64.Build.0 = Release|x64
		{6A25AEDF-AB19-4EC2-B24D-F6527D33AC52}.Release|x86.ActiveCfg = Release|x86
		{6A25AEDF-AB19-4EC2-B24D-F6527D33AC52}.Release|x86.Build.0 = Release|x86
		{6765A8DE-4023-4953-97C0-237A2C096CC1}.Debug|Any CPU.ActiveCfg = Debug|Any CPU
		{6765A8DE-4023-4953-97C0-237A2C096CC1}.Debug|Any CPU.Build.0 = Debug|Any CPU
		{6765A8DE-4023-4953-97C0-237A2C096CC1}.Debug|x64.ActiveCfg = Debug|x64
		{6765A8DE-4023-4953-97C0-237A2C096CC1}.Debug|x64.Build.0 = Debug|x64
		{6765A8DE-4023-4953-97C0-237A2C096CC1}.Debug|x86.ActiveCfg = Debug|x86
		{6765A8DE-4023-4953-97C0-237A2C096CC1}.Debug|x86.Build.0 = Debug|x86
		{6765A8DE-4023-4953-97C0-237A2C096CC1}.Release|Any CPU.ActiveCfg = Release|Any CPU
		{6765A8DE-4023-4953-97C0-237A2C096CC1}.Release|Any CPU.Build.0 = Release|Any CPU
		{6765A8DE-4023-4953-97C0-237A2C096CC1}.Release|x64.ActiveCfg = Release|x64
		{6765A8DE-4023-4953-97C0-237A2C096CC1}.Release|x64.Build.0 = Release|x64
		{6765A8DE-4023-4953-97C0-237A2C096CC1}.Release|x86.ActiveCfg = Release|x86
		{6765A8DE-4023-4953-97C0-237A2C096CC1}.Release|x86.Build.0 = Release|x86
		{D2A48568-26FB-4520-A5E1-05E2FC33EC3F}.Debug|Any CPU.ActiveCfg = Debug|Any CPU
		{D2A48568-26FB-4520-A5E1-05E2FC33EC3F}.Debug|Any CPU.Build.0 = Debug|Any CPU
		{D2A48568-26FB-4520-A5E1-05E2FC33EC3F}.Debug|x64.ActiveCfg = Debug|x64
		{D2A48568-26FB-4520-A5E1-05E2FC33EC3F}.Debug|x64.Build.0 = Debug|x64
		{D2A48568-26FB-4520-A5E1-05E2FC33EC3F}.Debug|x86.ActiveCfg = Debug|x86
		{D2A48568-26FB-4520-A5E1-05E2FC33EC3F}.Debug|x86.Build.0 = Debug|x86
		{D2A48568-26FB-4520-A5E1-05E2FC33EC3F}.Release|Any CPU.ActiveCfg = Release|Any CPU
		{D2A48568-26FB-4520-A5E1-05E2FC33EC3F}.Release|Any CPU.Build.0 = Release|Any CPU
		{D2A48568-26FB-4520-A5E1-05E2FC33EC3F}.Release|x64.ActiveCfg = Release|x64
		{D2A48568-26FB-4520-A5E1-05E2FC33EC3F}.Release|x64.Build.0 = Release|x64
		{D2A48568-26FB-4520-A5E1-05E2FC33EC3F}.Release|x86.ActiveCfg = Release|x86
		{D2A48568-26FB-4520-A5E1-05E2FC33EC3F}.Release|x86.Build.0 = Release|x86
		{F12B3EEB-FADA-49CE-8F8E-75B957B0E1B5}.Debug|Any CPU.ActiveCfg = Debug|Any CPU
		{F12B3EEB-FADA-49CE-8F8E-75B957B0E1B5}.Debug|Any CPU.Build.0 = Debug|Any CPU
		{F12B3EEB-FADA-49CE-8F8E-75B957B0E1B5}.Debug|x64.ActiveCfg = Debug|x64
		{F12B3EEB-FADA-49CE-8F8E-75B957B0E1B5}.Debug|x64.Build.0 = Debug|x64
		{F12B3EEB-FADA-49CE-8F8E-75B957B0E1B5}.Debug|x86.ActiveCfg = Debug|x86
		{F12B3EEB-FADA-49CE-8F8E-75B957B0E1B5}.Debug|x86.Build.0 = Debug|x86
		{F12B3EEB-FADA-49CE-8F8E-75B957B0E1B5}.Release|Any CPU.ActiveCfg = Release|Any CPU
		{F12B3EEB-FADA-49CE-8F8E-75B957B0E1B5}.Release|Any CPU.Build.0 = Release|Any CPU
		{F12B3EEB-FADA-49CE-8F8E-75B957B0E1B5}.Release|x64.ActiveCfg = Release|x64
		{F12B3EEB-FADA-49CE-8F8E-75B957B0E1B5}.Release|x64.Build.0 = Release|x64
		{F12B3EEB-FADA-49CE-8F8E-75B957B0E1B5}.Release|x86.ActiveCfg = Release|x86
		{F12B3EEB-FADA-49CE-8F8E-75B957B0E1B5}.Release|x86.Build.0 = Release|x86
	EndGlobalSection
	GlobalSection(NestedProjects) = preSolution
		{D190C4AE-FD98-4FA0-8FCA-7DFF6310D8EF} = {971BA63D-1A40-4B34-97D4-4E807BE1284E}
		{6A25AEDF-AB19-4EC2-B24D-F6527D33AC52} = {971BA63D-1A40-4B34-97D4-4E807BE1284E}
		{6765A8DE-4023-4953-97C0-237A2C096CC1} = {971BA63D-1A40-4B34-97D4-4E807BE1284E}
		{D2A48568-26FB-4520-A5E1-05E2FC33EC3F} = {81E51376-1B99-4F5C-B54B-1D45D74BFC3A}
		{F12B3EEB-FADA-49CE-8F8E-75B957B0E1B5} = {81E51376-1B99-4F5C-B54B-1D45D74BFC3A}
	EndGlobalSection
EndGlobal
